
Microsoft Visual Studio Solution File, Format Version 12.00
# Visual Studio Version 17
VisualStudioVersion = 17.9.34622.214
MinimumVisualStudioVersion = 10.0.40219.1
Project("{FAE04EC0-301F-11D3-BF4B-00C04F79EFBC}") = "Progra6_Assets_JozefMoraAraya", "Progra6_Assets_JozefMoraAraya\Progra6_Assets_JozefMoraAraya.csproj", "{0B2B5B08-99F9-4720-B6BA-066620A8852E}"
EndProject
Global
	GlobalSection(SolutionConfigurationPlatforms) = preSolution
		Debug|Any CPU = Debug|Any CPU
		Release|Any CPU = Release|Any CPU
	EndGlobalSection
	GlobalSection(ProjectConfigurationPlatforms) = postSolution
		{0B2B5B08-99F9-4720-B6BA-066620A8852E}.Debug|Any CPU.ActiveCfg = Debug|Any CPU
		{0B2B5B08-99F9-4720-B6BA-066620A8852E}.Debug|Any CPU.Build.0 = Debug|Any CPU
		{0B2B5B08-99F9-4720-B6BA-066620A8852E}.Release|Any CPU.ActiveCfg = Release|Any CPU
		{0B2B5B08-99F9-4720-B6BA-066620A8852E}.Release|Any CPU.Build.0 = Release|Any CPU
	EndGlobalSection
	GlobalSection(SolutionProperties) = preSolution
		HideSolutionNode = FALSE
	EndGlobalSection
	GlobalSection(ExtensibilityGlobals) = postSolution
		SolutionGuid = {DB73369B-A453-4FF7-A294-3843B9013BC2}
	EndGlobalSection
EndGlobal
